
Microsoft Visual Studio Solution File, Format Version 12.00
# Visual Studio Version 17
VisualStudioVersion = 17.6.33712.159
MinimumVisualStudioVersion = 10.0.40219.1
Project("{FAE04EC0-301F-11D3-BF4B-00C04F79EFBC}") = "SortingWithVisualizerBalloonSort", "SortingWithVisualizerBalloonSort\SortingWithVisualizerBalloonSort.csproj", "{F4A5AB6D-E927-4D6F-99EA-0A600AF1FEA7}"
EndProject
Global
	GlobalSection(SolutionConfigurationPlatforms) = preSolution
		Debug|Any CPU = Debug|Any CPU
		Release|Any CPU = Release|Any CPU
	EndGlobalSection
	GlobalSection(ProjectConfigurationPlatforms) = postSolution
		{F4A5AB6D-E927-4D6F-99EA-0A600AF1FEA7}.Debug|Any CPU.ActiveCfg = Debug|Any CPU
		{F4A5AB6D-E927-4D6F-99EA-0A600AF1FEA7}.Debug|Any CPU.Build.0 = Debug|Any CPU
		{F4A5AB6D-E927-4D6F-99EA-0A600AF1FEA7}.Release|Any CPU.ActiveCfg = Release|Any CPU
		{F4A5AB6D-E927-4D6F-99EA-0A600AF1FEA7}.Release|Any CPU.Build.0 = Release|Any CPU
	EndGlobalSection
	GlobalSection(SolutionProperties) = preSolution
		HideSolutionNode = FALSE
	EndGlobalSection
	GlobalSection(ExtensibilityGlobals) = postSolution
		SolutionGuid = {3C84D1FB-4500-4822-89C6-ACF0E0922EA6}
	EndGlobalSection
EndGlobal
